{
    "name": "solace-samples-nodejs",
    "version": "10.0.0",
    "lockfileVersion": 2,
    "requires": true,
    "packages": {
        "": {
            "name": "solace-samples-nodejs",
            "version": "10.0.0",
            "license": "Apache-2.0",
            "dependencies": {
                "@sap/hana-client": "^2.14.23",
                "solclientjs": "^10.0.0"
            }
        },
        "node_modules/@sap/hana-client": {
            "version": "2.14.23",
            "resolved": "https://registry.npmjs.org/@sap/hana-client/-/hana-client-2.14.23.tgz",
            "integrity": "sha512-7xeZdv7NACxkP+9mFTkBoNOscip/WiLGGfoqjITuvu5pQBxgamaa33F2xHxR9kChvRIkW1PtY3e0lzTPVargpg==",
            "hasInstallScript": true,
            "hasShrinkwrap": true,
            "dependencies": {
                "debug": "3.1.0"
            },
            "engines": {
                "node": ">=4.0.0"
            }
        },
        "node_modules/@sap/hana-client/node_modules/debug": {
            "version": "3.1.0",
            "integrity": "sha512-OX8XqP7/1a9cqkxYw2yXss15f26NKWBpDXQd0/uK/KPqdQhxbPa994hnzjcE2VqQpDslf55723cKPUOGSmMY3g==",
            "dependencies": {
                "ms": "2.0.0"
            }
        },
        "node_modules/@sap/hana-client/node_modules/ms": {
            "version": "2.0.0",
            "integrity": "sha512-Tpp60P6IUJDTuOq/5Z8cdskzJujfwqfOTkrwIwj7IRISpnkJnT6SyJ4PCPnGMoFjC9ddhal5KVIYtAt97ix05A=="
        },
        "node_modules/solclientjs": {
            "version": "10.11.0",
            "resolved": "https://registry.npmjs.org/solclientjs/-/solclientjs-10.11.0.tgz",
            "integrity": "sha512-bRn1Op/5gdMMiyAJBeq5q8kLdk/gWIobjGmp20SdHz0T69Bunoj6ZEqhVj6OvC5IkPhxEUOjGILELJ9rqcPrQA==",
            "engines": {
                "node": ">=10.0.0"
            }
        }
    },
    "dependencies": {
        "@sap/hana-client": {
            "version": "2.14.23",
            "resolved": "https://registry.npmjs.org/@sap/hana-client/-/hana-client-2.14.23.tgz",
            "integrity": "sha512-7xeZdv7NACxkP+9mFTkBoNOscip/WiLGGfoqjITuvu5pQBxgamaa33F2xHxR9kChvRIkW1PtY3e0lzTPVargpg==",
            "requires": {
                "debug": "3.1.0"
            },
            "dependencies": {
                "debug": {
                    "version": "3.1.0",
                    "integrity": "sha512-OX8XqP7/1a9cqkxYw2yXss15f26NKWBpDXQd0/uK/KPqdQhxbPa994hnzjcE2VqQpDslf55723cKPUOGSmMY3g==",
                    "requires": {
                        "ms": "2.0.0"
                    }
                },
                "ms": {
                    "version": "2.0.0",
                    "integrity": "sha512-Tpp60P6IUJDTuOq/5Z8cdskzJujfwqfOTkrwIwj7IRISpnkJnT6SyJ4PCPnGMoFjC9ddhal5KVIYtAt97ix05A=="
                }
            }
        },
        "solclientjs": {
            "version": "10.11.0",
            "resolved": "https://registry.npmjs.org/solclientjs/-/solclientjs-10.11.0.tgz",
            "integrity": "sha512-bRn1Op/5gdMMiyAJBeq5q8kLdk/gWIobjGmp20SdHz0T69Bunoj6ZEqhVj6OvC5IkPhxEUOjGILELJ9rqcPrQA=="
        }
    }
}
